Microsoft Visual Studio Solution File, Format Version 11.00
# Visual Studio 2008

Project("{2A9B04D7-DCE2-120A-E772-170088CAEE63}") = "VZScheduler", "Assembly-CSharp.csproj", "{637A2772-85B2-65E2-873C-5A482F3AA8C8}"
EndProject
Global
	GlobalSection(SolutionConfigurationPlatforms) = preSolution
		Debug|Any CPU = Debug|Any CPU
		Release|Any CPU = Release|Any CPU
	EndGlobalSection
	GlobalSection(ProjectConfigurationPlatforms) = postSolution
		{637A2772-85B2-65E2-873C-5A482F3AA8C8}.Debug|Any CPU.ActiveCfg = Debug|Any CPU
		{637A2772-85B2-65E2-873C-5A482F3AA8C8}.Debug|Any CPU.Build.0 = Debug|Any CPU
		{637A2772-85B2-65E2-873C-5A482F3AA8C8}.Release|Any CPU.ActiveCfg = Release|Any CPU
		{637A2772-85B2-65E2-873C-5A482F3AA8C8}.Release|Any CPU.Build.0 = Release|Any CPU
	EndGlobalSection
	GlobalSection(SolutionProperties) = preSolution
		HideSolutionNode = FALSE
	EndGlobalSection
	GlobalSection(MonoDevelopProperties) = preSolution
		StartupItem = Assembly-CSharp.csproj
	EndGlobalSection
EndGlobal
